
Microsoft Visual Studio Solution File, Format Version 12.00
# Visual Studio Version 16
VisualStudioVersion = 16.0.30114.105
MinimumVisualStudioVersion = 10.0.40219.1
Project("{9A19103F-16F7-4668-BE54-9A1E7A4F7556}") = "FeedbackExample.Entities", "FeedbackExample.Entities\FeedbackExample.Entities.csproj", "{502A1DCB-D80C-452A-BB20-557836940BAE}"
EndProject
Project("{9A19103F-16F7-4668-BE54-9A1E7A4F7556}") = "FeedbackExample.Enums", "FeedbackExample.Enums\FeedbackExample.Enums.csproj", "{DA56D783-3B10-4297-85C7-49A6356FCB7E}"
EndProject
Project("{9A19103F-16F7-4668-BE54-9A1E7A4F7556}") = "FeedbackExample.Services.Implementation", "FeedbackExample.Services.Implementation\FeedbackExample.Services.Implementation.csproj", "{ED762EA0-A0F1-4C68-A266-C9C153FF585C}"
EndProject
Project("{9A19103F-16F7-4668-BE54-9A1E7A4F7556}") = "FeedbackExample.Contracts", "FeedbackExample.Contracts\FeedbackExample.Contracts.csproj", "{3AF62041-9DA8-4019-9BF6-588C16925D17}"
EndProject
Project("{9A19103F-16F7-4668-BE54-9A1E7A4F7556}") = "FeedbackExample.Repository.Contracts", "FeedbackExample.Repository.Contracts\FeedbackExample.Repository.Contracts.csproj", "{896DBF06-F314-49D5-B7D2-C7905A300837}"
EndProject
Project("{9A19103F-16F7-4668-BE54-9A1E7A4F7556}") = "FeedBackExample.Application", "..\..\FeedbackExample-master\FeedbackExample\FeedBackExample.Application\FeedBackExample.Application.csproj", "{3C67EED2-7260-4A97-908B-7AEE12EB6F29}"
EndProject
Project("{9A19103F-16F7-4668-BE54-9A1E7A4F7556}") = "FeedbackExample.WebAPI", "..\..\FeedbackExample-master\FeedbackExample\FeedbackExample.WebAPI\FeedbackExample.WebAPI.csproj", "{744BEE4E-00C3-4D21-A484-96310B36EEFC}"
EndProject
Project("{9A19103F-16F7-4668-BE54-9A1E7A4F7556}") = "FeedbackExample.Repository.SQL", "..\..\FeedbackExample-master\FeedbackExample\FeedbackExample.Repository.SQL\FeedbackExample.Repository.SQL.csproj", "{5ECC4378-5C90-4F6C-B388-7E45E1E00BDD}"
EndProject
Global
	GlobalSection(SolutionConfigurationPlatforms) = preSolution
		Debug|Any CPU = Debug|Any CPU
		Release|Any CPU = Release|Any CPU
	EndGlobalSection
	GlobalSection(ProjectConfigurationPlatforms) = postSolution
		{502A1DCB-D80C-452A-BB20-557836940BAE}.Debug|Any CPU.ActiveCfg = Debug|Any CPU
		{502A1DCB-D80C-452A-BB20-557836940BAE}.Debug|Any CPU.Build.0 = Debug|Any CPU
		{502A1DCB-D80C-452A-BB20-557836940BAE}.Release|Any CPU.ActiveCfg = Release|Any CPU
		{502A1DCB-D80C-452A-BB20-557836940BAE}.Release|Any CPU.Build.0 = Release|Any CPU
		{DA56D783-3B10-4297-85C7-49A6356FCB7E}.Debug|Any CPU.ActiveCfg = Debug|Any CPU
		{DA56D783-3B10-4297-85C7-49A6356FCB7E}.Debug|Any CPU.Build.0 = Debug|Any CPU
		{DA56D783-3B10-4297-85C7-49A6356FCB7E}.Release|Any CPU.ActiveCfg = Release|Any CPU
		{DA56D783-3B10-4297-85C7-49A6356FCB7E}.Release|Any CPU.Build.0 = Release|Any CPU
		{ED762EA0-A0F1-4C68-A266-C9C153FF585C}.Debug|Any CPU.ActiveCfg = Debug|Any CPU
		{ED762EA0-A0F1-4C68-A266-C9C153FF585C}.Debug|Any CPU.Build.0 = Debug|Any CPU
		{ED762EA0-A0F1-4C68-A266-C9C153FF585C}.Release|Any CPU.ActiveCfg = Release|Any CPU
		{ED762EA0-A0F1-4C68-A266-C9C153FF585C}.Release|Any CPU.Build.0 = Release|Any CPU
		{3AF62041-9DA8-4019-9BF6-588C16925D17}.Debug|Any CPU.ActiveCfg = Debug|Any CPU
		{3AF62041-9DA8-4019-9BF6-588C16925D17}.Debug|Any CPU.Build.0 = Debug|Any CPU
		{3AF62041-9DA8-4019-9BF6-588C16925D17}.Release|Any CPU.ActiveCfg = Release|Any CPU
		{3AF62041-9DA8-4019-9BF6-588C16925D17}.Release|Any CPU.Build.0 = Release|Any CPU
		{896DBF06-F314-49D5-B7D2-C7905A300837}.Debug|Any CPU.ActiveCfg = Debug|Any CPU
		{896DBF06-F314-49D5-B7D2-C7905A300837}.Debug|Any CPU.Build.0 = Debug|Any CPU
		{896DBF06-F314-49D5-B7D2-C7905A300837}.Release|Any CPU.ActiveCfg = Release|Any CPU
		{896DBF06-F314-49D5-B7D2-C7905A300837}.Release|Any CPU.Build.0 = Release|Any CPU
		{3C67EED2-7260-4A97-908B-7AEE12EB6F29}.Debug|Any CPU.ActiveCfg = Debug|Any CPU
		{3C67EED2-7260-4A97-908B-7AEE12EB6F29}.Debug|Any CPU.Build.0 = Debug|Any CPU
		{3C67EED2-7260-4A97-908B-7AEE12EB6F29}.Release|Any CPU.ActiveCfg = Release|Any CPU
		{3C67EED2-7260-4A97-908B-7AEE12EB6F29}.Release|Any CPU.Build.0 = Release|Any CPU
		{744BEE4E-00C3-4D21-A484-96310B36EEFC}.Debug|Any CPU.ActiveCfg = Debug|Any CPU
		{744BEE4E-00C3-4D21-A484-96310B36EEFC}.Debug|Any CPU.Build.0 = Debug|Any CPU
		{744BEE4E-00C3-4D21-A484-96310B36EEFC}.Release|Any CPU.ActiveCfg = Release|Any CPU
		{744BEE4E-00C3-4D21-A484-96310B36EEFC}.Release|Any CPU.Build.0 = Release|Any CPU
		{5ECC4378-5C90-4F6C-B388-7E45E1E00BDD}.Debug|Any CPU.ActiveCfg = Debug|Any CPU
		{5ECC4378-5C90-4F6C-B388-7E45E1E00BDD}.Debug|Any CPU.Build.0 = Debug|Any CPU
		{5ECC4378-5C90-4F6C-B388-7E45E1E00BDD}.Release|Any CPU.ActiveCfg = Release|Any CPU
		{5ECC4378-5C90-4F6C-B388-7E45E1E00BDD}.Release|Any CPU.Build.0 = Release|Any CPU
	EndGlobalSection
	GlobalSection(SolutionProperties) = preSolution
		HideSolutionNode = FALSE
	EndGlobalSection
	GlobalSection(ExtensibilityGlobals) = postSolution
		SolutionGuid = {EE264997-9DF4-4452-9731-B3372E237082}
	EndGlobalSection
EndGlobal
